
Microsoft Visual Studio Solution File, Format Version 12.00
# Visual Studio 15
VisualStudioVersion = 15.0.28307.1145
MinimumVisualStudioVersion = 10.0.40219.1
Project("{FAE04EC0-301F-11D3-BF4B-00C04F79EFBC}") = "Snake", "Snake\Snake.csproj", "{0AAF2FD5-186E-4B59-A253-CE20DBC83BF1}"
EndProject
Global
	GlobalSection(SolutionConfigurationPlatforms) = preSolution
		Debug|Any CPU = Debug|Any CPU
		Release|Any CPU = Release|Any CPU
	EndGlobalSection
	GlobalSection(ProjectConfigurationPlatforms) = postSolution
		{0AAF2FD5-186E-4B59-A253-CE20DBC83BF1}.Debug|Any CPU.ActiveCfg = Debug|Any CPU
		{0AAF2FD5-186E-4B59-A253-CE20DBC83BF1}.Debug|Any CPU.Build.0 = Debug|Any CPU
		{0AAF2FD5-186E-4B59-A253-CE20DBC83BF1}.Release|Any CPU.ActiveCfg = Release|Any CPU
		{0AAF2FD5-186E-4B59-A253-CE20DBC83BF1}.Release|Any CPU.Build.0 = Release|Any CPU
	EndGlobalSection
	GlobalSection(SolutionProperties) = preSolution
		HideSolutionNode = FALSE
	EndGlobalSection
	GlobalSection(ExtensibilityGlobals) = postSolution
		SolutionGuid = {209E88F8-FEC3-4862-89BC-47D007D6434C}
	EndGlobalSection
EndGlobal
